
Microsoft Visual Studio Solution File, Format Version 12.00
# Visual Studio Version 16
VisualStudioVersion = 16.0.32106.194
MinimumVisualStudioVersion = 10.0.40219.1
Project("{9A19103F-16F7-4668-BE54-9A1E7A4F7556}") = "PersonalityTest", "PersonalityTest\PersonalityTest.csproj", "{F58803FE-0B50-4124-B4D1-6BBEFF7F53F7}"
EndProject
Project("{9A19103F-16F7-4668-BE54-9A1E7A4F7556}") = "PersonalityTestSwitch", "PersonalityTestSwitch\PersonalityTestSwitch.csproj", "{F2BEAD9B-886D-42A7-AEBE-3E08BEC52A1B}"
EndProject
Project("{9A19103F-16F7-4668-BE54-9A1E7A4F7556}") = "GradingIF", "GradingIF\GradingIF.csproj", "{696299CF-5075-4C29-B829-E14D283F6C7B}"
EndProject
Project("{9A19103F-16F7-4668-BE54-9A1E7A4F7556}") = "GraidingSwitch", "GraidingSwitch\GraidingSwitch.csproj", "{77DC6842-1BEF-41B8-A7B0-3B29EA768B48}"
EndProject
Project("{FAE04EC0-301F-11D3-BF4B-00C04F79EFBC}") = "CatsAndDogs", "CatsAndDogs\CatsAndDogs.csproj", "{F05458AD-D731-4815-AAF0-6DE0C01A2A53}"
EndProject
Global
	GlobalSection(SolutionConfigurationPlatforms) = preSolution
		Debug|Any CPU = Debug|Any CPU
		Release|Any CPU = Release|Any CPU
	EndGlobalSection
	GlobalSection(ProjectConfigurationPlatforms) = postSolution
		{F58803FE-0B50-4124-B4D1-6BBEFF7F53F7}.Debug|Any CPU.ActiveCfg = Debug|Any CPU
		{F58803FE-0B50-4124-B4D1-6BBEFF7F53F7}.Debug|Any CPU.Build.0 = Debug|Any CPU
		{F58803FE-0B50-4124-B4D1-6BBEFF7F53F7}.Release|Any CPU.ActiveCfg = Release|Any CPU
		{F58803FE-0B50-4124-B4D1-6BBEFF7F53F7}.Release|Any CPU.Build.0 = Release|Any CPU
		{F2BEAD9B-886D-42A7-AEBE-3E08BEC52A1B}.Debug|Any CPU.ActiveCfg = Debug|Any CPU
		{F2BEAD9B-886D-42A7-AEBE-3E08BEC52A1B}.Debug|Any CPU.Build.0 = Debug|Any CPU
		{F2BEAD9B-886D-42A7-AEBE-3E08BEC52A1B}.Release|Any CPU.ActiveCfg = Release|Any CPU
		{F2BEAD9B-886D-42A7-AEBE-3E08BEC52A1B}.Release|Any CPU.Build.0 = Release|Any CPU
		{696299CF-5075-4C29-B829-E14D283F6C7B}.Debug|Any CPU.ActiveCfg = Debug|Any CPU
		{696299CF-5075-4C29-B829-E14D283F6C7B}.Debug|Any CPU.Build.0 = Debug|Any CPU
		{696299CF-5075-4C29-B829-E14D283F6C7B}.Release|Any CPU.ActiveCfg = Release|Any CPU
		{696299CF-5075-4C29-B829-E14D283F6C7B}.Release|Any CPU.Build.0 = Release|Any CPU
		{77DC6842-1BEF-41B8-A7B0-3B29EA768B48}.Debug|Any CPU.ActiveCfg = Debug|Any CPU
		{77DC6842-1BEF-41B8-A7B0-3B29EA768B48}.Debug|Any CPU.Build.0 = Debug|Any CPU
		{77DC6842-1BEF-41B8-A7B0-3B29EA768B48}.Release|Any CPU.ActiveCfg = Release|Any CPU
		{77DC6842-1BEF-41B8-A7B0-3B29EA768B48}.Release|Any CPU.Build.0 = Release|Any CPU
		{F05458AD-D731-4815-AAF0-6DE0C01A2A53}.Debug|Any CPU.ActiveCfg = Debug|Any CPU
		{F05458AD-D731-4815-AAF0-6DE0C01A2A53}.Debug|Any CPU.Build.0 = Debug|Any CPU
		{F05458AD-D731-4815-AAF0-6DE0C01A2A53}.Release|Any CPU.ActiveCfg = Release|Any CPU
		{F05458AD-D731-4815-AAF0-6DE0C01A2A53}.Release|Any CPU.Build.0 = Release|Any CPU
	EndGlobalSection
	GlobalSection(SolutionProperties) = preSolution
		HideSolutionNode = FALSE
	EndGlobalSection
	GlobalSection(ExtensibilityGlobals) = postSolution
		SolutionGuid = {D88FE61A-6A3D-43D0-9272-F072EA986C38}
	EndGlobalSection
EndGlobal
